
Microsoft Visual Studio Solution File, Format Version 12.00
# Visual Studio 15
VisualStudioVersion = 15.0.26430.13
MinimumVisualStudioVersion = 10.0.40219.1
Project("{FAE04EC0-301F-11D3-BF4B-00C04F79EFBC}") = "MVCLite", "MVCLite\MVCLite.csproj", "{71D774E0-0173-4CD4-81ED-6F9D0AB968EB}"
EndProject
Global
	GlobalSection(SolutionConfigurationPlatforms) = preSolution
		Debug|Any CPU = Debug|Any CPU
		Release|Any CPU = Release|Any CPU
	EndGlobalSection
	GlobalSection(ProjectConfigurationPlatforms) = postSolution
		{71D774E0-0173-4CD4-81ED-6F9D0AB968EB}.Debug|Any CPU.ActiveCfg = Debug|Any CPU
		{71D774E0-0173-4CD4-81ED-6F9D0AB968EB}.Debug|Any CPU.Build.0 = Debug|Any CPU
		{71D774E0-0173-4CD4-81ED-6F9D0AB968EB}.Release|Any CPU.ActiveCfg = Release|Any CPU
		{71D774E0-0173-4CD4-81ED-6F9D0AB968EB}.Release|Any CPU.Build.0 = Release|Any CPU
	EndGlobalSection
	GlobalSection(SolutionProperties) = preSolution
		HideSolutionNode = FALSE
	EndGlobalSection
EndGlobal
